
Microsoft Visual Studio Solution File, Format Version 12.00
# Visual Studio Version 17
VisualStudioVersion = 17.0.31903.59
MinimumVisualStudioVersion = 10.0.40219.1
Project("{FAE04EC0-301F-11D3-BF4B-00C04F79EFBC}") = "TestesUnitarios.Console", "TestesUnitarios.Console\TestesUnitarios.Console.csproj", "{B3162DBC-7215-466B-80CB-4B0645D8884D}"
EndProject
Project("{FAE04EC0-301F-11D3-BF4B-00C04F79EFBC}") = "TestesUnitarios.Testes", "TestesUnitarios.Testes\TestesUnitarios.Testes.csproj", "{F20B79E4-040A-437D-A544-34A2C1E78441}"
EndProject
Global
	GlobalSection(SolutionConfigurationPlatforms) = preSolution
		Debug|Any CPU = Debug|Any CPU
		Release|Any CPU = Release|Any CPU
	EndGlobalSection
	GlobalSection(SolutionProperties) = preSolution
		HideSolutionNode = FALSE
	EndGlobalSection
	GlobalSection(ProjectConfigurationPlatforms) = postSolution
		{B3162DBC-7215-466B-80CB-4B0645D8884D}.Debug|Any CPU.ActiveCfg = Debug|Any CPU
		{B3162DBC-7215-466B-80CB-4B0645D8884D}.Debug|Any CPU.Build.0 = Debug|Any CPU
		{B3162DBC-7215-466B-80CB-4B0645D8884D}.Release|Any CPU.ActiveCfg = Release|Any CPU
		{B3162DBC-7215-466B-80CB-4B0645D8884D}.Release|Any CPU.Build.0 = Release|Any CPU
		{F20B79E4-040A-437D-A544-34A2C1E78441}.Debug|Any CPU.ActiveCfg = Debug|Any CPU
		{F20B79E4-040A-437D-A544-34A2C1E78441}.Debug|Any CPU.Build.0 = Debug|Any CPU
		{F20B79E4-040A-437D-A544-34A2C1E78441}.Release|Any CPU.ActiveCfg = Release|Any CPU
		{F20B79E4-040A-437D-A544-34A2C1E78441}.Release|Any CPU.Build.0 = Release|Any CPU
	EndGlobalSection
EndGlobal
